
Microsoft Visual Studio Solution File, Format Version 12.00
# Visual Studio Version 16
VisualStudioVersion = 16.0.29806.167
MinimumVisualStudioVersion = 10.0.40219.1
Project("{FAE04EC0-301F-11D3-BF4B-00C04F79EFBC}") = "BindingsPractise.Android", "BindingsPractise\BindingsPractise.Android\BindingsPractise.Android.csproj", "{D8D75B4E-0B36-42BF-BFC9-0F4267C22C9E}"
EndProject
Project("{FAE04EC0-301F-11D3-BF4B-00C04F79EFBC}") = "BindingsPractise.iOS", "BindingsPractise\BindingsPractise.iOS\BindingsPractise.iOS.csproj", "{F15BFE5B-1F86-4DCE-83E3-F131E229F420}"
EndProject
Project("{FAE04EC0-301F-11D3-BF4B-00C04F79EFBC}") = "BindingsPractise", "BindingsPractise\BindingsPractise\BindingsPractise.csproj", "{47B1B915-4314-4B9F-B9B4-50E3009AB153}"
EndProject
Global
	GlobalSection(SolutionConfigurationPlatforms) = preSolution
		Debug|Any CPU = Debug|Any CPU
		Debug|iPhone = Debug|iPhone
		Debug|iPhoneSimulator = Debug|iPhoneSimulator
		Release|Any CPU = Release|Any CPU
		Release|iPhone = Release|iPhone
		Release|iPhoneSimulator = Release|iPhoneSimulator
	EndGlobalSection
	GlobalSection(ProjectConfigurationPlatforms) = postSolution
		{D8D75B4E-0B36-42BF-BFC9-0F4267C22C9E}.Debug|Any CPU.ActiveCfg = Debug|Any CPU
		{D8D75B4E-0B36-42BF-BFC9-0F4267C22C9E}.Debug|Any CPU.Build.0 = Debug|Any CPU
		{D8D75B4E-0B36-42BF-BFC9-0F4267C22C9E}.Debug|Any CPU.Deploy.0 = Debug|Any CPU
		{D8D75B4E-0B36-42BF-BFC9-0F4267C22C9E}.Debug|iPhone.ActiveCfg = Debug|Any CPU
		{D8D75B4E-0B36-42BF-BFC9-0F4267C22C9E}.Debug|iPhone.Build.0 = Debug|Any CPU
		{D8D75B4E-0B36-42BF-BFC9-0F4267C22C9E}.Debug|iPhone.Deploy.0 = Debug|Any CPU
		{D8D75B4E-0B36-42BF-BFC9-0F4267C22C9E}.Debug|iPhoneSimulator.ActiveCfg = Debug|Any CPU
		{D8D75B4E-0B36-42BF-BFC9-0F4267C22C9E}.Debug|iPhoneSimulator.Build.0 = Debug|Any CPU
		{D8D75B4E-0B36-42BF-BFC9-0F4267C22C9E}.Debug|iPhoneSimulator.Deploy.0 = Debug|Any CPU
		{D8D75B4E-0B36-42BF-BFC9-0F4267C22C9E}.Release|Any CPU.ActiveCfg = Release|Any CPU
		{D8D75B4E-0B36-42BF-BFC9-0F4267C22C9E}.Release|Any CPU.Build.0 = Release|Any CPU
		{D8D75B4E-0B36-42BF-BFC9-0F4267C22C9E}.Release|Any CPU.Deploy.0 = Release|Any CPU
		{D8D75B4E-0B36-42BF-BFC9-0F4267C22C9E}.Release|iPhone.ActiveCfg = Release|Any CPU
		{D8D75B4E-0B36-42BF-BFC9-0F4267C22C9E}.Release|iPhone.Build.0 = Release|Any CPU
		{D8D75B4E-0B36-42BF-BFC9-0F4267C22C9E}.Release|iPhone.Deploy.0 = Release|Any CPU
		{D8D75B4E-0B36-42BF-BFC9-0F4267C22C9E}.Release|iPhoneSimulator.ActiveCfg = Release|Any CPU
		{D8D75B4E-0B36-42BF-BFC9-0F4267C22C9E}.Release|iPhoneSimulator.Build.0 = Release|Any CPU
		{D8D75B4E-0B36-42BF-BFC9-0F4267C22C9E}.Release|iPhoneSimulator.Deploy.0 = Release|Any CPU
		{F15BFE5B-1F86-4DCE-83E3-F131E229F420}.Debug|Any CPU.ActiveCfg = Debug|iPhoneSimulator
		{F15BFE5B-1F86-4DCE-83E3-F131E229F420}.Debug|Any CPU.Build.0 = Debug|iPhoneSimulator
		{F15BFE5B-1F86-4DCE-83E3-F131E229F420}.Debug|Any CPU.Deploy.0 = Debug|iPhoneSimulator
		{F15BFE5B-1F86-4DCE-83E3-F131E229F420}.Debug|iPhone.ActiveCfg = Debug|iPhone
		{F15BFE5B-1F86-4DCE-83E3-F131E229F420}.Debug|iPhone.Build.0 = Debug|iPhone
		{F15BFE5B-1F86-4DCE-83E3-F131E229F420}.Debug|iPhone.Deploy.0 = Debug|iPhone
		{F15BFE5B-1F86-4DCE-83E3-F131E229F420}.Debug|iPhoneSimulator.ActiveCfg = Debug|iPhoneSimulator
		{F15BFE5B-1F86-4DCE-83E3-F131E229F420}.Debug|iPhoneSimulator.Build.0 = Debug|iPhoneSimulator
		{F15BFE5B-1F86-4DCE-83E3-F131E229F420}.Debug|iPhoneSimulator.Deploy.0 = Debug|iPhoneSimulator
		{F15BFE5B-1F86-4DCE-83E3-F131E229F420}.Release|Any CPU.ActiveCfg = Release|iPhone
		{F15BFE5B-1F86-4DCE-83E3-F131E229F420}.Release|Any CPU.Build.0 = Release|iPhone
		{F15BFE5B-1F86-4DCE-83E3-F131E229F420}.Release|Any CPU.Deploy.0 = Release|iPhone
		{F15BFE5B-1F86-4DCE-83E3-F131E229F420}.Release|iPhone.ActiveCfg = Release|iPhone
		{F15BFE5B-1F86-4DCE-83E3-F131E229F420}.Release|iPhone.Build.0 = Release|iPhone
		{F15BFE5B-1F86-4DCE-83E3-F131E229F420}.Release|iPhone.Deploy.0 = Release|iPhone
		{F15BFE5B-1F86-4DCE-83E3-F131E229F420}.Release|iPhoneSimulator.ActiveCfg = Release|iPhoneSimulator
		{F15BFE5B-1F86-4DCE-83E3-F131E229F420}.Release|iPhoneSimulator.Build.0 = Release|iPhoneSimulator
		{F15BFE5B-1F86-4DCE-83E3-F131E229F420}.Release|iPhoneSimulator.Deploy.0 = Release|iPhoneSimulator
		{47B1B915-4314-4B9F-B9B4-50E3009AB153}.Debug|Any CPU.ActiveCfg = Debug|Any CPU
		{47B1B915-4314-4B9F-B9B4-50E3009AB153}.Debug|Any CPU.Build.0 = Debug|Any CPU
		{47B1B915-4314-4B9F-B9B4-50E3009AB153}.Debug|Any CPU.Deploy.0 = Debug|Any CPU
		{47B1B915-4314-4B9F-B9B4-50E3009AB153}.Debug|iPhone.ActiveCfg = Debug|Any CPU
		{47B1B915-4314-4B9F-B9B4-50E3009AB153}.Debug|iPhone.Build.0 = Debug|Any CPU
		{47B1B915-4314-4B9F-B9B4-50E3009AB153}.Debug|iPhone.Deploy.0 = Debug|Any CPU
		{47B1B915-4314-4B9F-B9B4-50E3009AB153}.Debug|iPhoneSimulator.ActiveCfg = Debug|Any CPU
		{47B1B915-4314-4B9F-B9B4-50E3009AB153}.Debug|iPhoneSimulator.Build.0 = Debug|Any CPU
		{47B1B915-4314-4B9F-B9B4-50E3009AB153}.Debug|iPhoneSimulator.Deploy.0 = Debug|Any CPU
		{47B1B915-4314-4B9F-B9B4-50E3009AB153}.Release|Any CPU.ActiveCfg = Release|Any CPU
		{47B1B915-4314-4B9F-B9B4-50E3009AB153}.Release|Any CPU.Build.0 = Release|Any CPU
		{47B1B915-4314-4B9F-B9B4-50E3009AB153}.Release|Any CPU.Deploy.0 = Release|Any CPU
		{47B1B915-4314-4B9F-B9B4-50E3009AB153}.Release|iPhone.ActiveCfg = Release|Any CPU
		{47B1B915-4314-4B9F-B9B4-50E3009AB153}.Release|iPhone.Build.0 = Release|Any CPU
		{47B1B915-4314-4B9F-B9B4-50E3009AB153}.Release|iPhone.Deploy.0 = Release|Any CPU
		{47B1B915-4314-4B9F-B9B4-50E3009AB153}.Release|iPhoneSimulator.ActiveCfg = Release|Any CPU
		{47B1B915-4314-4B9F-B9B4-50E3009AB153}.Release|iPhoneSimulator.Build.0 = Release|Any CPU
		{47B1B915-4314-4B9F-B9B4-50E3009AB153}.Release|iPhoneSimulator.Deploy.0 = Release|Any CPU
	EndGlobalSection
	GlobalSection(SolutionProperties) = preSolution
		HideSolutionNode = FALSE
	EndGlobalSection
	GlobalSection(ExtensibilityGlobals) = postSolution
		SolutionGuid = {D861A802-186C-42A0-B1F2-CFADA9CA5B43}
	EndGlobalSection
EndGlobal
